
Microsoft Visual Studio Solution File, Format Version 12.00
# Visual Studio Version 17
VisualStudioVersion = 17.2.32616.157
MinimumVisualStudioVersion = 10.0.40219.1
Project("{FAE04EC0-301F-11D3-BF4B-00C04F79EFBC}") = "CityInfo.API", "CityInfo.API\CityInfo.API.csproj", "{768563CF-2849-4534-8225-A0F6E8C619AC}"
EndProject
Global
	GlobalSection(SolutionConfigurationPlatforms) = preSolution
		Debug|Any CPU = Debug|Any CPU
		Release|Any CPU = Release|Any CPU
	EndGlobalSection
	GlobalSection(ProjectConfigurationPlatforms) = postSolution
		{768563CF-2849-4534-8225-A0F6E8C619AC}.Debug|Any CPU.ActiveCfg = Debug|Any CPU
		{768563CF-2849-4534-8225-A0F6E8C619AC}.Debug|Any CPU.Build.0 = Debug|Any CPU
		{768563CF-2849-4534-8225-A0F6E8C619AC}.Release|Any CPU.ActiveCfg = Release|Any CPU
		{768563CF-2849-4534-8225-A0F6E8C619AC}.Release|Any CPU.Build.0 = Release|Any CPU
	EndGlobalSection
	GlobalSection(SolutionProperties) = preSolution
		HideSolutionNode = FALSE
	EndGlobalSection
	GlobalSection(ExtensibilityGlobals) = postSolution
		SolutionGuid = {E0E19B25-4D2F-4FE5-A89F-395CE88D8914}
	EndGlobalSection
EndGlobal
